
Microsoft Visual Studio Solution File, Format Version 12.00
# Visual Studio Version 17
VisualStudioVersion = 17.5.002.0
MinimumVisualStudioVersion = 10.0.40219.1
Project("{9A19103F-16F7-4668-BE54-9A1E7A4F7556}") = "Calcular_GPA_Final", "Calcular_GPA_Final.csproj", "{165043C9-2056-4A7A-8D2B-662D42CCADC1}"
EndProject
Global
	GlobalSection(SolutionConfigurationPlatforms) = preSolution
		Debug|Any CPU = Debug|Any CPU
		Release|Any CPU = Release|Any CPU
	EndGlobalSection
	GlobalSection(ProjectConfigurationPlatforms) = postSolution
		{165043C9-2056-4A7A-8D2B-662D42CCADC1}.Debug|Any CPU.ActiveCfg = Debug|Any CPU
		{165043C9-2056-4A7A-8D2B-662D42CCADC1}.Debug|Any CPU.Build.0 = Debug|Any CPU
		{165043C9-2056-4A7A-8D2B-662D42CCADC1}.Release|Any CPU.ActiveCfg = Release|Any CPU
		{165043C9-2056-4A7A-8D2B-662D42CCADC1}.Release|Any CPU.Build.0 = Release|Any CPU
	EndGlobalSection
	GlobalSection(SolutionProperties) = preSolution
		HideSolutionNode = FALSE
	EndGlobalSection
	GlobalSection(ExtensibilityGlobals) = postSolution
		SolutionGuid = {837AB429-E18A-49B2-AD36-61389950982B}
	EndGlobalSection
EndGlobal
